
Microsoft Visual Studio Solution File, Format Version 12.00
# Visual Studio Version 17
VisualStudioVersion = 17.0.31903.59
MinimumVisualStudioVersion = 10.0.40219.1
Project("{2150E333-8FDC-42A3-9474-1A3956D46DE8}") = "DiscordBot.Bots", "DiscordBot.Bots", "{D3144FEF-C952-4B49-8D90-20C0CB5E549B}"
EndProject
Project("{9A19103F-16F7-4668-BE54-9A1E7A4F7556}") = "DiscordBot.Bots", "DiscordBot.Bots\DiscordBot.Bots.csproj", "{3A54C4FC-D528-4427-BEAF-4C0C277D8EB7}"
EndProject
Project("{2150E333-8FDC-42A3-9474-1A3956D46DE8}") = "DiscordBot.Core", "DiscordBot.Core", "{88DCDA85-596E-4FCC-AB3D-DE20B3C5DB59}"
EndProject
Project("{2150E333-8FDC-42A3-9474-1A3956D46DE8}") = "DiscordBot.DAL", "DiscordBot.DAL", "{14558341-B620-4529-9353-57D3CECF9C4B}"
EndProject
Project("{9A19103F-16F7-4668-BE54-9A1E7A4F7556}") = "DiscordBot.DAL", "DiscordBot.DAL\DiscordBot.DAL.csproj", "{F192AF85-AB1E-4755-BD26-EC8B53271A77}"
EndProject
Project("{9A19103F-16F7-4668-BE54-9A1E7A4F7556}") = "DiscordBot.Core", "DiscordBot.Core\DiscordBot.Core.csproj", "{AF868D1A-1EC2-46C2-9D9F-7AEDB7CE89F7}"
EndProject
Project("{FAE04EC0-301F-11D3-BF4B-00C04F79EFBC}") = "DiscordBot.DAL.Migrations", "DiscordBot.DAL.Migrations\DiscordBot.DAL.Migrations.csproj", "{F0EA3E88-FE57-40E2-A9A9-5CBD00C5D505}"
EndProject
Global
	GlobalSection(SolutionConfigurationPlatforms) = preSolution
		Debug|Any CPU = Debug|Any CPU
		Release|Any CPU = Release|Any CPU
	EndGlobalSection
	GlobalSection(ProjectConfigurationPlatforms) = postSolution
		{3A54C4FC-D528-4427-BEAF-4C0C277D8EB7}.Debug|Any CPU.ActiveCfg = Debug|Any CPU
		{3A54C4FC-D528-4427-BEAF-4C0C277D8EB7}.Debug|Any CPU.Build.0 = Debug|Any CPU
		{3A54C4FC-D528-4427-BEAF-4C0C277D8EB7}.Release|Any CPU.ActiveCfg = Release|Any CPU
		{3A54C4FC-D528-4427-BEAF-4C0C277D8EB7}.Release|Any CPU.Build.0 = Release|Any CPU
		{F192AF85-AB1E-4755-BD26-EC8B53271A77}.Debug|Any CPU.ActiveCfg = Debug|Any CPU
		{F192AF85-AB1E-4755-BD26-EC8B53271A77}.Debug|Any CPU.Build.0 = Debug|Any CPU
		{F192AF85-AB1E-4755-BD26-EC8B53271A77}.Release|Any CPU.ActiveCfg = Release|Any CPU
		{F192AF85-AB1E-4755-BD26-EC8B53271A77}.Release|Any CPU.Build.0 = Release|Any CPU
		{AF868D1A-1EC2-46C2-9D9F-7AEDB7CE89F7}.Debug|Any CPU.ActiveCfg = Debug|Any CPU
		{AF868D1A-1EC2-46C2-9D9F-7AEDB7CE89F7}.Debug|Any CPU.Build.0 = Debug|Any CPU
		{AF868D1A-1EC2-46C2-9D9F-7AEDB7CE89F7}.Release|Any CPU.ActiveCfg = Release|Any CPU
		{AF868D1A-1EC2-46C2-9D9F-7AEDB7CE89F7}.Release|Any CPU.Build.0 = Release|Any CPU
		{F0EA3E88-FE57-40E2-A9A9-5CBD00C5D505}.Debug|Any CPU.ActiveCfg = Debug|Any CPU
		{F0EA3E88-FE57-40E2-A9A9-5CBD00C5D505}.Debug|Any CPU.Build.0 = Debug|Any CPU
		{F0EA3E88-FE57-40E2-A9A9-5CBD00C5D505}.Release|Any CPU.ActiveCfg = Release|Any CPU
		{F0EA3E88-FE57-40E2-A9A9-5CBD00C5D505}.Release|Any CPU.Build.0 = Release|Any CPU
	EndGlobalSection
	GlobalSection(SolutionProperties) = preSolution
		HideSolutionNode = FALSE
	EndGlobalSection
	GlobalSection(NestedProjects) = preSolution
		{3A54C4FC-D528-4427-BEAF-4C0C277D8EB7} = {D3144FEF-C952-4B49-8D90-20C0CB5E549B}
		{F192AF85-AB1E-4755-BD26-EC8B53271A77} = {14558341-B620-4529-9353-57D3CECF9C4B}
		{AF868D1A-1EC2-46C2-9D9F-7AEDB7CE89F7} = {88DCDA85-596E-4FCC-AB3D-DE20B3C5DB59}
		{F0EA3E88-FE57-40E2-A9A9-5CBD00C5D505} = {14558341-B620-4529-9353-57D3CECF9C4B}
	EndGlobalSection
	GlobalSection(ExtensibilityGlobals) = postSolution
		SolutionGuid = {7E1EC429-9500-4C2B-9393-C11A4755D001}
	EndGlobalSection
EndGlobal
